{
  "name": "knights-travails",
  "lockfileVersion": 2,
  "requires": true,
  "packages": {
    "": {
      "dependencies": {
        "linked-list": "github:gitdingus/linked-list"
      }
    },
    "node_modules/linked-list": {
      "version": "1.0.0",
      "resolved": "git+ssh://git@github.com/gitdingus/linked-list.git#e41d51faa60c2511e9423ea722764ceac7962e76",
      "license": "ISC"
    }
  },
  "dependencies": {
    "linked-list": {
      "version": "git+ssh://git@github.com/gitdingus/linked-list.git#e41d51faa60c2511e9423ea722764ceac7962e76",
      "from": "linked-list@git+ssh://git@github.com:gitdingus/linked-list.git"
    }
  }
}
